
Microsoft Visual Studio Solution File, Format Version 12.00
# Visual Studio Version 17
VisualStudioVersion = 17.0.31903.59
MinimumVisualStudioVersion = 10.0.40219.1
Project("{2150E333-8FDC-42A3-9474-1A3956D46DE8}") = "tests", "tests", "{02EA681E-C7D8-13C7-8484-4AC65E1B71E8}"
EndProject
Project("{2150E333-8FDC-42A3-9474-1A3956D46DE8}") = "src", "src", "{35126CC2-9BC7-427C-A6D2-48FE0FE6420D}"
EndProject
Project("{FAE04EC0-301F-11D3-BF4B-00C04F79EFBC}") = "MovieLibrary.Application", "src\MovieLibrary.Application\MovieLibrary.Application.csproj", "{59B70657-96B0-992F-99F3-B875C7326BE0}"
EndProject
Project("{FAE04EC0-301F-11D3-BF4B-00C04F79EFBC}") = "MovieLibrary.Core", "src\MovieLibrary.Core\MovieLibrary.Core.csproj", "{0BC938FD-8AC2-7240-2042-B0900F582BF6}"
EndProject
Project("{FAE04EC0-301F-11D3-BF4B-00C04F79EFBC}") = "MovieLibrary.Data", "src\MovieLibrary.Data\MovieLibrary.Data.csproj", "{7E1E599B-5593-5D05-7C2B-1B9F5F423629}"
EndProject
Project("{FAE04EC0-301F-11D3-BF4B-00C04F79EFBC}") = "MovieLibrary.Infrastructure", "src\MovieLibrary.Infrastructure\MovieLibrary.Infrastructure.csproj", "{F6DB81A5-994C-2E31-D085-1C174D9E94A7}"
EndProject
Project("{FAE04EC0-301F-11D3-BF4B-00C04F79EFBC}") = "MovieLibrary.Web", "src\MovieLibrary.Web\MovieLibrary.Web.csproj", "{5C7A8218-46BF-42ED-23F6-D74EB709F5E3}"
EndProject
Project("{FAE04EC0-301F-11D3-BF4B-00C04F79EFBC}") = "MovieLibrary.Application.Tests", "tests\MovieLibrary.Application.Tests\MovieLibrary.Application.Tests.csproj", "{817EF74C-3975-B825-828F-ACFB1FCBB291}"
EndProject
Project("{FAE04EC0-301F-11D3-BF4B-00C04F79EFBC}") = "MovieLibrary.Core.Tests", "tests\MovieLibrary.Core.Tests\MovieLibrary.Core.Tests.csproj", "{E20893A4-4909-1C1A-8EE6-7CE22383BE7C}"
EndProject
Project("{2150E333-8FDC-42A3-9474-1A3956D46DE8}") = "unit-tests", "unit-tests", "{2462C744-BA2E-445E-B3A4-E07AED3D348C}"
EndProject
Global
	GlobalSection(SolutionConfigurationPlatforms) = preSolution
		Debug|Any CPU = Debug|Any CPU
		Debug|x64 = Debug|x64
		Debug|x86 = Debug|x86
		Release|Any CPU = Release|Any CPU
		Release|x64 = Release|x64
		Release|x86 = Release|x86
	EndGlobalSection
	GlobalSection(ProjectConfigurationPlatforms) = postSolution
		{59B70657-96B0-992F-99F3-B875C7326BE0}.Debug|Any CPU.ActiveCfg = Debug|Any CPU
		{59B70657-96B0-992F-99F3-B875C7326BE0}.Debug|Any CPU.Build.0 = Debug|Any CPU
		{59B70657-96B0-992F-99F3-B875C7326BE0}.Debug|x64.ActiveCfg = Debug|Any CPU
		{59B70657-96B0-992F-99F3-B875C7326BE0}.Debug|x64.Build.0 = Debug|Any CPU
		{59B70657-96B0-992F-99F3-B875C7326BE0}.Debug|x86.ActiveCfg = Debug|Any CPU
		{59B70657-96B0-992F-99F3-B875C7326BE0}.Debug|x86.Build.0 = Debug|Any CPU
		{59B70657-96B0-992F-99F3-B875C7326BE0}.Release|Any CPU.ActiveCfg = Release|Any CPU
		{59B70657-96B0-992F-99F3-B875C7326BE0}.Release|Any CPU.Build.0 = Release|Any CPU
		{59B70657-96B0-992F-99F3-B875C7326BE0}.Release|x64.ActiveCfg = Release|Any CPU
		{59B70657-96B0-992F-99F3-B875C7326BE0}.Release|x64.Build.0 = Release|Any CPU
		{59B70657-96B0-992F-99F3-B875C7326BE0}.Release|x86.ActiveCfg = Release|Any CPU
		{59B70657-96B0-992F-99F3-B875C7326BE0}.Release|x86.Build.0 = Release|Any CPU
		{0BC938FD-8AC2-7240-2042-B0900F582BF6}.Debug|Any CPU.ActiveCfg = Debug|Any CPU
		{0BC938FD-8AC2-7240-2042-B0900F582BF6}.Debug|Any CPU.Build.0 = Debug|Any CPU
		{0BC938FD-8AC2-7240-2042-B0900F582BF6}.Debug|x64.ActiveCfg = Debug|Any CPU
		{0BC938FD-8AC2-7240-2042-B0900F582BF6}.Debug|x64.Build.0 = Debug|Any CPU
		{0BC938FD-8AC2-7240-2042-B0900F582BF6}.Debug|x86.ActiveCfg = Debug|Any CPU
		{0BC938FD-8AC2-7240-2042-B0900F582BF6}.Debug|x86.Build.0 = Debug|Any CPU
		{0BC938FD-8AC2-7240-2042-B0900F582BF6}.Release|Any CPU.ActiveCfg = Release|Any CPU
		{0BC938FD-8AC2-7240-2042-B0900F582BF6}.Release|Any CPU.Build.0 = Release|Any CPU
		{0BC938FD-8AC2-7240-2042-B0900F582BF6}.Release|x64.ActiveCfg = Release|Any CPU
		{0BC938FD-8AC2-7240-2042-B0900F582BF6}.Release|x64.Build.0 = Release|Any CPU
		{0BC938FD-8AC2-7240-2042-B0900F582BF6}.Release|x86.ActiveCfg = Release|Any CPU
		{0BC938FD-8AC2-7240-2042-B0900F582BF6}.Release|x86.Build.0 = Release|Any CPU
		{7E1E599B-5593-5D05-7C2B-1B9F5F423629}.Debug|Any CPU.ActiveCfg = Debug|Any CPU
		{7E1E599B-5593-5D05-7C2B-1B9F5F423629}.Debug|Any CPU.Build.0 = Debug|Any CPU
		{7E1E599B-5593-5D05-7C2B-1B9F5F423629}.Debug|x64.ActiveCfg = Debug|Any CPU
		{7E1E599B-5593-5D05-7C2B-1B9F5F423629}.Debug|x64.Build.0 = Debug|Any CPU
		{7E1E599B-5593-5D05-7C2B-1B9F5F423629}.Debug|x86.ActiveCfg = Debug|Any CPU
		{7E1E599B-5593-5D05-7C2B-1B9F5F423629}.Debug|x86.Build.0 = Debug|Any CPU
		{7E1E599B-5593-5D05-7C2B-1B9F5F423629}.Release|Any CPU.ActiveCfg = Release|Any CPU
		{7E1E599B-5593-5D05-7C2B-1B9F5F423629}.Release|Any CPU.Build.0 = Release|Any CPU
		{7E1E599B-5593-5D05-7C2B-1B9F5F423629}.Release|x64.ActiveCfg = Release|Any CPU
		{7E1E599B-5593-5D05-7C2B-1B9F5F423629}.Release|x64.Build.0 = Release|Any CPU
		{7E1E599B-5593-5D05-7C2B-1B9F5F423629}.Release|x86.ActiveCfg = Release|Any CPU
		{7E1E599B-5593-5D05-7C2B-1B9F5F423629}.Release|x86.Build.0 = Release|Any CPU
		{F6DB81A5-994C-2E31-D085-1C174D9E94A7}.Debug|Any CPU.ActiveCfg = Debug|Any CPU
		{F6DB81A5-994C-2E31-D085-1C174D9E94A7}.Debug|Any CPU.Build.0 = Debug|Any CPU
		{F6DB81A5-994C-2E31-D085-1C174D9E94A7}.Debug|x64.ActiveCfg = Debug|Any CPU
		{F6DB81A5-994C-2E31-D085-1C174D9E94A7}.Debug|x64.Build.0 = Debug|Any CPU
		{F6DB81A5-994C-2E31-D085-1C174D9E94A7}.Debug|x86.ActiveCfg = Debug|Any CPU
		{F6DB81A5-994C-2E31-D085-1C174D9E94A7}.Debug|x86.Build.0 = Debug|Any CPU
		{F6DB81A5-994C-2E31-D085-1C174D9E94A7}.Release|Any CPU.ActiveCfg = Release|Any CPU
		{F6DB81A5-994C-2E31-D085-1C174D9E94A7}.Release|Any CPU.Build.0 = Release|Any CPU
		{F6DB81A5-994C-2E31-D085-1C174D9E94A7}.Release|x64.ActiveCfg = Release|Any CPU
		{F6DB81A5-994C-2E31-D085-1C174D9E94A7}.Release|x64.Build.0 = Release|Any CPU
		{F6DB81A5-994C-2E31-D085-1C174D9E94A7}.Release|x86.ActiveCfg = Release|Any CPU
		{F6DB81A5-994C-2E31-D085-1C174D9E94A7}.Release|x86.Build.0 = Release|Any CPU
		{5C7A8218-46BF-42ED-23F6-D74EB709F5E3}.Debug|Any CPU.ActiveCfg = Debug|Any CPU
		{5C7A8218-46BF-42ED-23F6-D74EB709F5E3}.Debug|Any CPU.Build.0 = Debug|Any CPU
		{5C7A8218-46BF-42ED-23F6-D74EB709F5E3}.Debug|x64.ActiveCfg = Debug|Any CPU
		{5C7A8218-46BF-42ED-23F6-D74EB709F5E3}.Debug|x64.Build.0 = Debug|Any CPU
		{5C7A8218-46BF-42ED-23F6-D74EB709F5E3}.Debug|x86.ActiveCfg = Debug|Any CPU
		{5C7A8218-46BF-42ED-23F6-D74EB709F5E3}.Debug|x86.Build.0 = Debug|Any CPU
		{5C7A8218-46BF-42ED-23F6-D74EB709F5E3}.Release|Any CPU.ActiveCfg = Release|Any CPU
		{5C7A8218-46BF-42ED-23F6-D74EB709F5E3}.Release|Any CPU.Build.0 = Release|Any CPU
		{5C7A8218-46BF-42ED-23F6-D74EB709F5E3}.Release|x64.ActiveCfg = Release|Any CPU
		{5C7A8218-46BF-42ED-23F6-D74EB709F5E3}.Release|x64.Build.0 = Release|Any CPU
		{5C7A8218-46BF-42ED-23F6-D74EB709F5E3}.Release|x86.ActiveCfg = Release|Any CPU
		{5C7A8218-46BF-42ED-23F6-D74EB709F5E3}.Release|x86.Build.0 = Release|Any CPU
		{817EF74C-3975-B825-828F-ACFB1FCBB291}.Debug|Any CPU.ActiveCfg = Debug|Any CPU
		{817EF74C-3975-B825-828F-ACFB1FCBB291}.Debug|Any CPU.Build.0 = Debug|Any CPU
		{817EF74C-3975-B825-828F-ACFB1FCBB291}.Debug|x64.ActiveCfg = Debug|Any CPU
		{817EF74C-3975-B825-828F-ACFB1FCBB291}.Debug|x64.Build.0 = Debug|Any CPU
		{817EF74C-3975-B825-828F-ACFB1FCBB291}.Debug|x86.ActiveCfg = Debug|Any CPU
		{817EF74C-3975-B825-828F-ACFB1FCBB291}.Debug|x86.Build.0 = Debug|Any CPU
		{817EF74C-3975-B825-828F-ACFB1FCBB291}.Release|Any CPU.ActiveCfg = Release|Any CPU
		{817EF74C-3975-B825-828F-ACFB1FCBB291}.Release|Any CPU.Build.0 = Release|Any CPU
		{817EF74C-3975-B825-828F-ACFB1FCBB291}.Release|x64.ActiveCfg = Release|Any CPU
		{817EF74C-3975-B825-828F-ACFB1FCBB291}.Release|x64.Build.0 = Release|Any CPU
		{817EF74C-3975-B825-828F-ACFB1FCBB291}.Release|x86.ActiveCfg = Release|Any CPU
		{817EF74C-3975-B825-828F-ACFB1FCBB291}.Release|x86.Build.0 = Release|Any CPU
		{E20893A4-4909-1C1A-8EE6-7CE22383BE7C}.Debug|Any CPU.ActiveCfg = Debug|Any CPU
		{E20893A4-4909-1C1A-8EE6-7CE22383BE7C}.Debug|Any CPU.Build.0 = Debug|Any CPU
		{E20893A4-4909-1C1A-8EE6-7CE22383BE7C}.Debug|x64.ActiveCfg = Debug|Any CPU
		{E20893A4-4909-1C1A-8EE6-7CE22383BE7C}.Debug|x64.Build.0 = Debug|Any CPU
		{E20893A4-4909-1C1A-8EE6-7CE22383BE7C}.Debug|x86.ActiveCfg = Debug|Any CPU
		{E20893A4-4909-1C1A-8EE6-7CE22383BE7C}.Debug|x86.Build.0 = Debug|Any CPU
		{E20893A4-4909-1C1A-8EE6-7CE22383BE7C}.Release|Any CPU.ActiveCfg = Release|Any CPU
		{E20893A4-4909-1C1A-8EE6-7CE22383BE7C}.Release|Any CPU.Build.0 = Release|Any CPU
		{E20893A4-4909-1C1A-8EE6-7CE22383BE7C}.Release|x64.ActiveCfg = Release|Any CPU
		{E20893A4-4909-1C1A-8EE6-7CE22383BE7C}.Release|x64.Build.0 = Release|Any CPU
		{E20893A4-4909-1C1A-8EE6-7CE22383BE7C}.Release|x86.ActiveCfg = Release|Any CPU
		{E20893A4-4909-1C1A-8EE6-7CE22383BE7C}.Release|x86.Build.0 = Release|Any CPU
	EndGlobalSection
	GlobalSection(SolutionProperties) = preSolution
		HideSolutionNode = FALSE
	EndGlobalSection
	GlobalSection(NestedProjects) = preSolution
		{59B70657-96B0-992F-99F3-B875C7326BE0} = {35126CC2-9BC7-427C-A6D2-48FE0FE6420D}
		{0BC938FD-8AC2-7240-2042-B0900F582BF6} = {35126CC2-9BC7-427C-A6D2-48FE0FE6420D}
		{7E1E599B-5593-5D05-7C2B-1B9F5F423629} = {35126CC2-9BC7-427C-A6D2-48FE0FE6420D}
		{F6DB81A5-994C-2E31-D085-1C174D9E94A7} = {35126CC2-9BC7-427C-A6D2-48FE0FE6420D}
		{5C7A8218-46BF-42ED-23F6-D74EB709F5E3} = {35126CC2-9BC7-427C-A6D2-48FE0FE6420D}
		{817EF74C-3975-B825-828F-ACFB1FCBB291} = {2462C744-BA2E-445E-B3A4-E07AED3D348C}
		{E20893A4-4909-1C1A-8EE6-7CE22383BE7C} = {2462C744-BA2E-445E-B3A4-E07AED3D348C}
		{2462C744-BA2E-445E-B3A4-E07AED3D348C} = {02EA681E-C7D8-13C7-8484-4AC65E1B71E8}
	EndGlobalSection
	GlobalSection(ExtensibilityGlobals) = postSolution
		SolutionGuid = {FE789F4D-D8A9-49B1-BA20-94B0DB275E58}
	EndGlobalSection
EndGlobal
